// !$*UTF8*$!
{
	archiveVersion = 1;
	classes = {
	};
	objectVersion = 46;
	objects = {

/* Begin PBXBuildFile section */
		6D2EC5481F6BDD8A00C4A9A9 /* AppDelegate.swift in Sources */ = {isa = PBXBuildFile; fileRef = 6D2EC5471F6BDD8A00C4A9A9 /* AppDelegate.swift */; };
		6D2EC54A1F6BDD8A00C4A9A9 /* ViewController.swift in Sources */ = {isa = PBXBuildFile; fileRef = 6D2EC5491F6BDD8A00C4A9A9 /* ViewController.swift */; };
		6D2EC54D1F6BDD8A00C4A9A9 /* Main.storyboard in Resources */ = {isa = PBXBuildFile; fileRef = 6D2EC54B1F6BDD8A00C4A9A9 /* Main.storyboard */; };
		6D2EC54F1F6BDD8A00C4A9A9 /* Assets.xcassets in Resources */ = {isa = PBXBuildFile; fileRef = 6D2EC54E1F6BDD8A00C4A9A9 /* Assets.xcassets */; };
		6D2EC5521F6BDD8A00C4A9A9 /* LaunchScreen.storyboard in Resources */ = {isa = PBXBuildFile; fileRef = 6D2EC5501F6BDD8A00C4A9A9 /* LaunchScreen.storyboard */; };
		FDB1FA3CE8508088C9F13BC1 /* Pods_RxTable101.framework in Frameworks */ = {isa = PBXBuildFile; fileRef = 40F062C82E2982A75E51F04B /* Pods_RxTable101.framework */; };
/* End PBXBuildFile section */

/* Begin PBXFileReference section */
		40F062C82E2982A75E51F04B /* Pods_RxTable101.framework */ = {isa = PBXFileReference; explicitFileType = wrapper.framework; includeInIndex = 0; path = Pods_RxTable101.framework; sourceTree = BUILT_PRODUCTS_DIR; };
		675A9516F3A16A330CBF0952 /* Pods-RxTable101.release.xcconfig */ = {isa = PBXFileReference; includeInIndex = 1; lastKnownFileType = text.xcconfig; name = "Pods-RxTable101.release.xcconfig"; path = "Pods/Target Support Files/Pods-RxTable101/Pods-RxTable101.release.xcconfig"; sourceTree = "<group>"; };
		6D2EC5441F6BDD8A00C4A9A9 /* RxTable101.app */ = {isa = PBXFileReference; explicitFileType = wrapper.application; includeInIndex = 0; path = RxTable101.app; sourceTree = BUILT_PRODUCTS_DIR; };
		6D2EC5471F6BDD8A00C4A9A9 /* AppDelegate.swift */ = {isa = PBXFileReference; lastKnownFileType = sourcecode.swift; path = AppDelegate.swift; sourceTree = "<group>"; };
		6D2EC5491F6BDD8A00C4A9A9 /* ViewController.swift */ = {isa = PBXFileReference; lastKnownFileType = sourcecode.swift; path = ViewController.swift; sourceTree = "<group>"; };
		6D2EC54C1F6BDD8A00C4A9A9 /* Base */ = {isa = PBXFileReference; lastKnownFileType = file.storyboard; name = Base; path = Base.lproj/Main.storyboard; sourceTree = "<group>"; };
		6D2EC54E1F6BDD8A00C4A9A9 /* Assets.xcassets */ = {isa = PBXFileReference; lastKnownFileType = folder.assetcatalog; path = Assets.xcassets; sourceTree = "<group>"; };
		6D2EC5511F6BDD8A00C4A9A9 /* Base */ = {isa = PBXFileReference; lastKnownFileType = file.storyboard; name = Base; path = Base.lproj/LaunchScreen.storyboard; sourceTree = "<group>"; };
		6D2EC5531F6BDD8A00C4A9A9 /* Info.plist */ = {isa = PBXFileReference; lastKnownFileType = text.plist.xml; path = Info.plist; sourceTree = "<group>"; };
		8BCDC76ADFFF3738891FB521 /* Pods-RxTable101.debug.xcconfig */ = {isa = PBXFileReference; includeInIndex = 1; lastKnownFileType = text.xcconfig; name = "Pods-RxTable101.debug.xcconfig"; path = "Pods/Target Support Files/Pods-RxTable101/Pods-RxTable101.debug.xcconfig"; sourceTree = "<group>"; };
/* End PBXFileReference section */

/* Begin PBXFrameworksBuildPhase section */
		6D2EC5411F6BDD8A00C4A9A9 /* Frameworks */ = {
			isa = PBXFrameworksBuildPhase;
			buildActionMask = 2147483647;
			files = (
				FDB1FA3CE8508088C9F13BC1 /* Pods_RxTable101.framework in Frameworks */,
			);
			runOnlyForDeploymentPostprocessing = 0;
		};
/* End PBXFrameworksBuildPhase section */

/* Begin PBXGroup section */
		6D2EC53B1F6BDD8A00C4A9A9 = {
			isa = PBXGroup;
			children = (
				6D2EC5461F6BDD8A00C4A9A9 /* RxTable101 */,
				6D2EC5451F6BDD8A00C4A9A9 /* Products */,
				BC066E530A6FF4CF345A2218 /* Pods */,
				D59FC31A9767704D907DA655 /* Frameworks */,
			);
			sourceTree = "<group>";
		};
		6D2EC5451F6BDD8A00C4A9A9 /* Products */ = {
			isa = PBXGroup;
			children = (
				6D2EC5441F6BDD8A00C4A9A9 /* RxTable101.app */,
			);
			name = Products;
			sourceTree = "<group>";
		};
		6D2EC5461F6BDD8A00C4A9A9 /* RxTable101 */ = {
			isa = PBXGroup;
			children = (
				6D2EC5471F6BDD8A00C4A9A9 /* AppDelegate.swift */,
				6D2EC5491F6BDD8A00C4A9A9 /* ViewController.swift */,
				6D2EC54B1F6BDD8A00C4A9A9 /* Main.storyboard */,
				6D2EC54E1F6BDD8A00C4A9A9 /* Assets.xcassets */,
				6D2EC5501F6BDD8A00C4A9A9 /* LaunchScreen.storyboard */,
				6D2EC5531F6BDD8A00C4A9A9 /* Info.plist */,
			);
			path = RxTable101;
			sourceTree = "<group>";
		};
		BC066E530A6FF4CF345A2218 /* Pods */ = {
			isa = PBXGroup;
			children = (
				8BCDC76ADFFF3738891FB521 /* Pods-RxTable101.debug.xcconfig */,
				675A9516F3A16A330CBF0952 /* Pods-RxTable101.release.xcconfig */,
			);
			name = Pods;
			sourceTree = "<group>";
		};
		D59FC31A9767704D907DA655 /* Frameworks */ = {
			isa = PBXGroup;
			children = (
				40F062C82E2982A75E51F04B /* Pods_RxTable101.framework */,
			);
			name = Frameworks;
			sourceTree = "<group>";
		};
/* End PBXGroup section */

/* Begin PBXNativeTarget section */
		6D2EC5431F6BDD8A00C4A9A9 /* RxTable101 */ = {
			isa = PBXNativeTarget;
			buildConfigurationList = 6D2EC5561F6BDD8A00C4A9A9 /* Build configuration list for PBXNativeTarget "RxTable101" */;
			buildPhases = (
				6D391C654FEF2419614B4A4D /* [CP] Check Pods Manifest.lock */,
				6D2EC5401F6BDD8A00C4A9A9 /* Sources */,
				6D2EC5411F6BDD8A00C4A9A9 /* Frameworks */,
				6D2EC5421F6BDD8A00C4A9A9 /* Resources */,
				01D403CA3AA48D014DCAA0A4 /* [CP] Embed Pods Frameworks */,
				39303F52C195E152F93EB27B /* [CP] Copy Pods Resources */,
			);
			buildRules = (
			);
			dependencies = (
			);
			name = RxTable101;
			productName = RxTable101;
			productReference = 6D2EC5441F6BDD8A00C4A9A9 /* RxTable101.app */;
			productType = "com.apple.product-type.application";
		};
/* End PBXNativeTarget section */

/* Begin PBXProject section */
		6D2EC53C1F6BDD8A00C4A9A9 /* Project object */ = {
			isa = PBXProject;
			attributes = {
				LastSwiftUpdateCheck = 0830;
				LastUpgradeCheck = 0830;
				ORGANIZATIONNAME = "Eddie Kwon";
				TargetAttributes = {
					6D2EC5431F6BDD8A00C4A9A9 = {
						CreatedOnToolsVersion = 8.3.3;
						DevelopmentTeam = L938T5Q7J8;
						ProvisioningStyle = Automatic;
					};
				};
			};
			buildConfigurationList = 6D2EC53F1F6BDD8A00C4A9A9 /* Build configuration list for PBXProject "RxTable101" */;
			compatibilityVersion = "Xcode 3.2";
			developmentRegion = English;
			hasScannedForEncodings = 0;
			knownRegions = (
				en,
				Base,
			);
			mainGroup = 6D2EC53B1F6BDD8A00C4A9A9;
			productRefGroup = 6D2EC5451F6BDD8A00C4A9A9 /* Products */;
			projectDirPath = "";
			projectRoot = "";
			targets = (
				6D2EC5431F6BDD8A00C4A9A9 /* RxTable101 */,
			);
		};
/* End PBXProject section */

/* Begin PBXResourcesBuildPhase section */
		6D2EC5421F6BDD8A00C4A9A9 /* Resources */ = {
			isa = PBXResourcesBuildPhase;
			buildActionMask = 2147483647;
			files = (
				6D2EC5521F6BDD8A00C4A9A9 /* LaunchScreen.storyboard in Resources */,
				6D2EC54F1F6BDD8A00C4A9A9 /* Assets.xcassets in Resources */,
				6D2EC54D1F6BDD8A00C4A9A9 /* Main.storyboard in Resources */,
			);
			runOnlyForDeploymentPostprocessing = 0;
		};
/* End PBXResourcesBuildPhase section */

/* Begin PBXShellScriptBuildPhase section */
		01D403CA3AA48D014DCAA0A4 /* [CP] Embed Pods Frameworks */ = {
			isa = PBXShellScriptBuildPhase;
			buildActionMask = 2147483647;
			files = (
			);
			inputPaths = (
			);
			name = "[CP] Embed Pods Frameworks";
			outputPaths = (
			);
			runOnlyForDeploymentPostprocessing = 0;
			shellPath = /bin/sh;
			shellScript = "\"${SRCROOT}/Pods/Target Support Files/Pods-RxTable101/Pods-RxTable101-frameworks.sh\"\n";
			showEnvVarsInLog = 0;
		};
		39303F52C195E152F93EB27B /* [CP] Copy Pods Resources */ = {
			isa = PBXShellScriptBuildPhase;
			buildActionMask = 2147483647;
			files = (
			);
			inputPaths = (
			);
			name = "[CP] Copy Pods Resources";
			outputPaths = (
			);
			runOnlyForDeploymentPostprocessing = 0;
			shellPath = /bin/sh;
			shellScript = "\"${SRCROOT}/Pods/Target Support Files/Pods-RxTable101/Pods-RxTable101-resources.sh\"\n";
			showEnvVarsInLog = 0;
		};
		6D391C654FEF2419614B4A4D /* [CP] Check Pods Manifest.lock */ = {
			isa = PBXShellScriptBuildPhase;
			buildActionMask = 2147483647;
			files = (
			);
			inputPaths = (
			);
			name = "[CP] Check Pods Manifest.lock";
			outputPaths = (
			);
			runOnlyForDeploymentPostprocessing = 0;
			shellPath = /bin/sh;
			shellScript = "diff \"${PODS_ROOT}/../Podfile.lock\" \"${PODS_ROOT}/Manifest.lock\" > /dev/null\nif [ $? != 0 ] ; then\n    # print error to STDERR\n    echo \"error: The sandbox is not in sync with the Podfile.lock. Run 'pod install' or update your CocoaPods installation.\" >&2\n    exit 1\nfi\n";
			showEnvVarsInLog = 0;
		};
/* End PBXShellScriptBuildPhase section */

/* Begin PBXSourcesBuildPhase section */
		6D2EC5401F6BDD8A00C4A9A9 /* Sources */ = {
			isa = PBXSourcesBuildPhase;
			buildActionMask = 2147483647;
			files = (
				6D2EC54A1F6BDD8A00C4A9A9 /* ViewController.swift in Sources */,
				6D2EC5481F6BDD8A00C4A9A9 /* AppDelegate.swift in Sources */,
			);
			runOnlyForDeploymentPostprocessing = 0;
		};
/* End PBXSourcesBuildPhase section */

/* Begin PBXVariantGroup section */
		6D2EC54B1F6BDD8A00C4A9A9 /* Main.storyboard */ = {
			isa = PBXVariantGroup;
			children = (
				6D2EC54C1F6BDD8A00C4A9A9 /* Base */,
			);
			name = Main.storyboard;
			sourceTree = "<group>";
		};
		6D2EC5501F6BDD8A00C4A9A9 /* LaunchScreen.storyboard */ = {
			isa = PBXVariantGroup;
			children = (
				6D2EC5511F6BDD8A00C4A9A9 /* Base */,
			);
			name = LaunchScreen.storyboard;
			sourceTree = "<group>";
		};
/* End PBXVariantGroup section */

/* Begin XCBuildConfiguration section */
		6D2EC5541F6BDD8A00C4A9A9 /* Debug */ = {
			isa = XCBuildConfiguration;
			buildSettings = {
				ALWAYS_SEARCH_USER_PATHS = NO;
				CLANG_ANALYZER_NONNULL = YES;
				CLANG_ANALYZER_NUMBER_OBJECT_CONVERSION = YES_AGGRESSIVE;
				CLANG_CXX_LANGUAGE_STANDARD = "gnu++0x";
				CLANG_CXX_LIBRARY = "libc++";
				CLANG_ENABLE_MODULES = YES;
				CLANG_ENABLE_OBJC_ARC = YES;
				CLANG_WARN_BOOL_CONVERSION = YES;
				CLANG_WARN_CONSTANT_CONVERSION = YES;
				CLANG_WARN_DIRECT_OBJC_ISA_USAGE = YES_ERROR;
				CLANG_WARN_DOCUMENTATION_COMMENTS = YES;
				CLANG_WARN_EMPTY_BODY = YES;
				CLANG_WARN_ENUM_CONVERSION = YES;
				CLANG_WARN_INFINITE_RECURSION = YES;
				CLANG_WARN_INT_CONVERSION = YES;
				CLANG_WARN_OBJC_ROOT_CLASS = YES_ERROR;
				CLANG_WARN_SUSPICIOUS_MOVE = YES;
				CLANG_WARN_UNREACHABLE_CODE = YES;
				CLANG_WARN__DUPLICATE_METHOD_MATCH = YES;
				"CODE_SIGN_IDENTITY[sdk=iphoneos*]" = "iPhone Developer";
				COPY_PHASE_STRIP = NO;
				DEBUG_INFORMATION_FORMAT = dwarf;
				ENABLE_STRICT_OBJC_MSGSEND = YES;
				ENABLE_TESTABILITY = YES;
				GCC_C_LANGUAGE_STANDARD = gnu99;
				GCC_DYNAMIC_NO_PIC = NO;
				GCC_NO_COMMON_BLOCKS = YES;
				GCC_OPTIMIZATION_LEVEL = 0;
				GCC_PREPROCESSOR_DEFINITIONS = (
					"DEBUG=1",
					"$(inherited)",
				);
				GCC_WARN_64_TO_32_BIT_CONVERSION = YES;
				GCC_WARN_ABOUT_RETURN_TYPE = YES_ERROR;
				GCC_WARN_UNDECLARED_SELECTOR = YES;
				GCC_WARN_UNINITIALIZED_AUTOS = YES_AGGRESSIVE;
				GCC_WARN_UNUSED_FUNCTION = YES;
				GCC_WARN_UNUSED_VARIABLE = YES;
				IPHONEOS_DEPLOYMENT_TARGET = 10.3;
				MTL_ENABLE_DEBUG_INFO = YES;
				ONLY_ACTIVE_ARCH = YES;
				SDKROOT = iphoneos;
				SWIFT_ACTIVE_COMPILATION_CONDITIONS = DEBUG;
				SWIFT_OPTIMIZATION_LEVEL = "-Onone";
			};
			name = Debug;
		};
		6D2EC5551F6BDD8A00C4A9A9 /* Release */ = {
			isa = XCBuildConfiguration;
			buildSettings = {
				ALWAYS_SEARCH_USER_PATHS = NO;
				CLANG_ANALYZER_NONNULL = YES;
				CLANG_ANALYZER_NUMBER_OBJECT_CONVERSION = YES_AGGRESSIVE;
				CLANG_CXX_LANGUAGE_STANDARD = "gnu++0x";
				CLANG_CXX_LIBRARY = "libc++";
				CLANG_ENABLE_MODULES = YES;
				CLANG_ENABLE_OBJC_ARC = YES;
				CLANG_WARN_BOOL_CONVERSION = YES;
				CLANG_WARN_CONSTANT_CONVERSION = YES;
				CLANG_WARN_DIRECT_OBJC_ISA_USAGE = YES_ERROR;
				CLANG_WARN_DOCUMENTATION_COMMENTS = YES;
				CLANG_WARN_EMPTY_BODY = YES;
				CLANG_WARN_ENUM_CONVERSION = YES;
				CLANG_WARN_INFINITE_RECURSION = YES;
				CLANG_WARN_INT_CONVERSION = YES;
				CLANG_WARN_OBJC_ROOT_CLASS = YES_ERROR;
				CLANG_WARN_SUSPICIOUS_MOVE = YES;
				CLANG_WARN_UNREACHABLE_CODE = YES;
				CLANG_WARN__DUPLICATE_METHOD_MATCH = YES;
				"CODE_SIGN_IDENTITY[sdk=iphoneos*]" = "iPhone Developer";
				COPY_PHASE_STRIP = NO;
				DEBUG_INFORMATION_FORMAT = "dwarf-with-dsym";
				ENABLE_NS_ASSERTIONS = NO;
				ENABLE_STRICT_OBJC_MSGSEND = YES;
				GCC_C_LANGUAGE_STANDARD = gnu99;
				GCC_NO_COMMON_BLOCKS = YES;
				GCC_WARN_64_TO_32_BIT_CONVERSION = YES;
				GCC_WARN_ABOUT_RETURN_TYPE = YES_ERROR;
				GCC_WARN_UNDECLARED_SELECTOR = YES;
				GCC_WARN_UNINITIALIZED_AUTOS = YES_AGGRESSIVE;
				GCC_WARN_UNUSED_FUNCTION = YES;
				GCC_WARN_UNUSED_VARIABLE = YES;
				IPHONEOS_DEPLOYMENT_TARGET = 10.3;
				MTL_ENABLE_DEBUG_INFO = NO;
				SDKROOT = iphoneos;
				SWIFT_OPTIMIZATION_LEVEL = "-Owholemodule";
				VALIDATE_PRODUCT = YES;
			};
			name = Release;
		};
		6D2EC5571F6BDD8A00C4A9A9 /* Debug */ = {
			isa = XCBuildConfiguration;
			baseConfigurationReference = 8BCDC76ADFFF3738891FB521 /* Pods-RxTable101.debug.xcconfig */;
			buildSettings = {
				ASSETCATALOG_COMPILER_APPICON_NAME = AppIcon;
				DEVELOPMENT_TEAM = L938T5Q7J8;
				INFOPLIST_FILE = RxTable101/Info.plist;
				IPHONEOS_DEPLOYMENT_TARGET = 9.1;
				LD_RUNPATH_SEARCH_PATHS = "$(inherited) @executable_path/Frameworks";
				PRODUCT_BUNDLE_IDENTIFIER = "-.RxTable101";
				PRODUCT_NAME = "$(TARGET_NAME)";
				SWIFT_VERSION = 3.0;
			};
			name = Debug;
		};
		6D2EC5581F6BDD8A00C4A9A9 /* Release */ = {
			isa = XCBuildConfiguration;
			baseConfigurationReference = 675A9516F3A16A330CBF0952 /* Pods-RxTable101.release.xcconfig */;
			buildSettings = {
				ASSETCATALOG_COMPILER_APPICON_NAME = AppIcon;
				DEVELOPMENT_TEAM = L938T5Q7J8;
				INFOPLIST_FILE = RxTable101/Info.plist;
				IPHONEOS_DEPLOYMENT_TARGET = 9.1;
				LD_RUNPATH_SEARCH_PATHS = "$(inherited) @executable_path/Frameworks";
				PRODUCT_BUNDLE_IDENTIFIER = "-.RxTable101";
				PRODUCT_NAME = "$(TARGET_NAME)";
				SWIFT_VERSION = 3.0;
			};
			name = Release;
		};
/* End XCBuildConfiguration section */

/* Begin XCConfigurationList section */
		6D2EC53F1F6BDD8A00C4A9A9 /* Build configuration list for PBXProject "RxTable101" */ = {
			isa = XCConfigurationList;
			buildConfigurations = (
				6D2EC5541F6BDD8A00C4A9A9 /* Debug */,
				6D2EC5551F6BDD8A00C4A9A9 /* Release */,
			);
			defaultConfigurationIsVisible = 0;
			defaultConfigurationName = Release;
		};
		6D2EC5561F6BDD8A00C4A9A9 /* Build configuration list for PBXNativeTarget "RxTable101" */ = {
			isa = XCConfigurationList;
			buildConfigurations = (
				6D2EC5571F6BDD8A00C4A9A9 /* Debug */,
				6D2EC5581F6BDD8A00C4A9A9 /* Release */,
			);
			defaultConfigurationIsVisible = 0;
			defaultConfigurationName = Release;
		};
/* End XCConfigurationList section */
	};
	rootObject = 6D2EC53C1F6BDD8A00C4A9A9 /* Project object */;
}
